
Microsoft Visual Studio Solution File, Format Version 12.00
# Visual Studio Version 17
VisualStudioVersion = 17.2.32602.215
MinimumVisualStudioVersion = 10.0.40219.1
Project("{FAE04EC0-301F-11D3-BF4B-00C04F79EFBC}") = "Blacksmith", "Blacksmith\Blacksmith.csproj", "{B67A2695-A337-493B-A255-64CCA69A904C}"
EndProject
Project("{FAE04EC0-301F-11D3-BF4B-00C04F79EFBC}") = "TruffleHunter", "TruffleHunter\TruffleHunter.csproj", "{E3B40301-7851-4AE4-91A1-257B20835DC6}"
EndProject
Global
	GlobalSection(SolutionConfigurationPlatforms) = preSolution
		Debug|Any CPU = Debug|Any CPU
		Release|Any CPU = Release|Any CPU
	EndGlobalSection
	GlobalSection(ProjectConfigurationPlatforms) = postSolution
		{B67A2695-A337-493B-A255-64CCA69A904C}.Debug|Any CPU.ActiveCfg = Debug|Any CPU
		{B67A2695-A337-493B-A255-64CCA69A904C}.Debug|Any CPU.Build.0 = Debug|Any CPU
		{B67A2695-A337-493B-A255-64CCA69A904C}.Release|Any CPU.ActiveCfg = Release|Any CPU
		{B67A2695-A337-493B-A255-64CCA69A904C}.Release|Any CPU.Build.0 = Release|Any CPU
		{E3B40301-7851-4AE4-91A1-257B20835DC6}.Debug|Any CPU.ActiveCfg = Debug|Any CPU
		{E3B40301-7851-4AE4-91A1-257B20835DC6}.Debug|Any CPU.Build.0 = Debug|Any CPU
		{E3B40301-7851-4AE4-91A1-257B20835DC6}.Release|Any CPU.ActiveCfg = Release|Any CPU
		{E3B40301-7851-4AE4-91A1-257B20835DC6}.Release|Any CPU.Build.0 = Release|Any CPU
	EndGlobalSection
	GlobalSection(SolutionProperties) = preSolution
		HideSolutionNode = FALSE
	EndGlobalSection
	GlobalSection(ExtensibilityGlobals) = postSolution
		SolutionGuid = {CC4A2FD5-A3CB-48F3-A04B-E67E7DE4CA6C}
	EndGlobalSection
EndGlobal
